
Microsoft Visual Studio Solution File, Format Version 12.00
# Visual Studio 15
VisualStudioVersion = 15.0.27004.2006
MinimumVisualStudioVersion = 10.0.40219.1
Project("{FAE04EC0-301F-11D3-BF4B-00C04F79EFBC}") = "PIMP.DIRegistration.Core", "PIMP.DIRegistration.Core\PIMP.DIRegistration.Core.csproj", "{8D708CA6-6D6C-46C6-86EF-107C6EB6A5F5}"
EndProject
Project("{FAE04EC0-301F-11D3-BF4B-00C04F79EFBC}") = "PIMP.DIRegistration.UnityContainer", "PIMP.DIRegistration.UnityContainer\PIMP.DIRegistration.UnityContainer.csproj", "{D0067C6C-979D-4276-9B43-3C0FCD548C2B}"
EndProject
Project("{2150E333-8FDC-42A3-9474-1A3956D46DE8}") = "Sample", "Sample", "{A74F2A32-E09D-40F4-BE83-1972BFE0A7D2}"
EndProject
Project("{FAE04EC0-301F-11D3-BF4B-00C04F79EFBC}") = "PIMP.DIRegistration.CoreTest", "PIMP.DIRegistration.CoreTest\PIMP.DIRegistration.CoreTest.csproj", "{13B6EFF2-99D1-4872-B056-45556A5EFB62}"
EndProject
Project("{FAE04EC0-301F-11D3-BF4B-00C04F79EFBC}") = "PIMP.DISample.MyConsole", "PIMP.DISample.MyConsole\PIMP.DISample.MyConsole.csproj", "{21C61CB2-BBDB-411F-90DB-AD050BB07525}"
	ProjectSection(ProjectDependencies) = postProject
		{D0067C6C-979D-4276-9B43-3C0FCD548C2B} = {D0067C6C-979D-4276-9B43-3C0FCD548C2B}
		{8D708CA6-6D6C-46C6-86EF-107C6EB6A5F5} = {8D708CA6-6D6C-46C6-86EF-107C6EB6A5F5}
	EndProjectSection
EndProject
Project("{FAE04EC0-301F-11D3-BF4B-00C04F79EFBC}") = "PIMP.DISample.DataAccessLayer", "PIMP.DISample.DataAccessLayer\PIMP.DISample.DataAccessLayer.csproj", "{65D9D584-FCCA-4722-A2B1-5BE478B9974B}"
	ProjectSection(ProjectDependencies) = postProject
		{D0067C6C-979D-4276-9B43-3C0FCD548C2B} = {D0067C6C-979D-4276-9B43-3C0FCD548C2B}
		{8D708CA6-6D6C-46C6-86EF-107C6EB6A5F5} = {8D708CA6-6D6C-46C6-86EF-107C6EB6A5F5}
	EndProjectSection
EndProject
Project("{FAE04EC0-301F-11D3-BF4B-00C04F79EFBC}") = "PIMP.DISample.BusinessProcessor", "PIMP.DISample.BusinessProcessor\PIMP.DISample.BusinessProcessor.csproj", "{496D0C50-3912-43A7-9E54-050CA222DB02}"
	ProjectSection(ProjectDependencies) = postProject
		{D0067C6C-979D-4276-9B43-3C0FCD548C2B} = {D0067C6C-979D-4276-9B43-3C0FCD548C2B}
		{8D708CA6-6D6C-46C6-86EF-107C6EB6A5F5} = {8D708CA6-6D6C-46C6-86EF-107C6EB6A5F5}
	EndProjectSection
EndProject
Project("{FAE04EC0-301F-11D3-BF4B-00C04F79EFBC}") = "PIMP.DISample.Common", "PIMP.DISample.Common\PIMP.DISample.Common.csproj", "{E468A88B-F970-4D8D-8FEE-0E6194AAD95D}"
EndProject
Global
	GlobalSection(SolutionConfigurationPlatforms) = preSolution
		Debug|Any CPU = Debug|Any CPU
		Release|Any CPU = Release|Any CPU
	EndGlobalSection
	GlobalSection(ProjectConfigurationPlatforms) = postSolution
		{8D708CA6-6D6C-46C6-86EF-107C6EB6A5F5}.Debug|Any CPU.ActiveCfg = Debug|Any CPU
		{8D708CA6-6D6C-46C6-86EF-107C6EB6A5F5}.Debug|Any CPU.Build.0 = Debug|Any CPU
		{8D708CA6-6D6C-46C6-86EF-107C6EB6A5F5}.Release|Any CPU.ActiveCfg = Release|Any CPU
		{8D708CA6-6D6C-46C6-86EF-107C6EB6A5F5}.Release|Any CPU.Build.0 = Release|Any CPU
		{D0067C6C-979D-4276-9B43-3C0FCD548C2B}.Debug|Any CPU.ActiveCfg = Debug|Any CPU
		{D0067C6C-979D-4276-9B43-3C0FCD548C2B}.Debug|Any CPU.Build.0 = Debug|Any CPU
		{D0067C6C-979D-4276-9B43-3C0FCD548C2B}.Release|Any CPU.ActiveCfg = Release|Any CPU
		{D0067C6C-979D-4276-9B43-3C0FCD548C2B}.Release|Any CPU.Build.0 = Release|Any CPU
		{13B6EFF2-99D1-4872-B056-45556A5EFB62}.Debug|Any CPU.ActiveCfg = Debug|Any CPU
		{13B6EFF2-99D1-4872-B056-45556A5EFB62}.Debug|Any CPU.Build.0 = Debug|Any CPU
		{13B6EFF2-99D1-4872-B056-45556A5EFB62}.Release|Any CPU.ActiveCfg = Release|Any CPU
		{13B6EFF2-99D1-4872-B056-45556A5EFB62}.Release|Any CPU.Build.0 = Release|Any CPU
		{21C61CB2-BBDB-411F-90DB-AD050BB07525}.Debug|Any CPU.ActiveCfg = Debug|Any CPU
		{21C61CB2-BBDB-411F-90DB-AD050BB07525}.Debug|Any CPU.Build.0 = Debug|Any CPU
		{21C61CB2-BBDB-411F-90DB-AD050BB07525}.Release|Any CPU.ActiveCfg = Release|Any CPU
		{21C61CB2-BBDB-411F-90DB-AD050BB07525}.Release|Any CPU.Build.0 = Release|Any CPU
		{65D9D584-FCCA-4722-A2B1-5BE478B9974B}.Debug|Any CPU.ActiveCfg = Debug|Any CPU
		{65D9D584-FCCA-4722-A2B1-5BE478B9974B}.Debug|Any CPU.Build.0 = Debug|Any CPU
		{65D9D584-FCCA-4722-A2B1-5BE478B9974B}.Release|Any CPU.ActiveCfg = Release|Any CPU
		{65D9D584-FCCA-4722-A2B1-5BE478B9974B}.Release|Any CPU.Build.0 = Release|Any CPU
		{496D0C50-3912-43A7-9E54-050CA222DB02}.Debug|Any CPU.ActiveCfg = Debug|Any CPU
		{496D0C50-3912-43A7-9E54-050CA222DB02}.Debug|Any CPU.Build.0 = Debug|Any CPU
		{496D0C50-3912-43A7-9E54-050CA222DB02}.Release|Any CPU.ActiveCfg = Release|Any CPU
		{496D0C50-3912-43A7-9E54-050CA222DB02}.Release|Any CPU.Build.0 = Release|Any CPU
		{E468A88B-F970-4D8D-8FEE-0E6194AAD95D}.Debug|Any CPU.ActiveCfg = Debug|Any CPU
		{E468A88B-F970-4D8D-8FEE-0E6194AAD95D}.Debug|Any CPU.Build.0 = Debug|Any CPU
		{E468A88B-F970-4D8D-8FEE-0E6194AAD95D}.Release|Any CPU.ActiveCfg = Release|Any CPU
		{E468A88B-F970-4D8D-8FEE-0E6194AAD95D}.Release|Any CPU.Build.0 = Release|Any CPU
	EndGlobalSection
	GlobalSection(SolutionProperties) = preSolution
		HideSolutionNode = FALSE
	EndGlobalSection
	GlobalSection(NestedProjects) = preSolution
		{21C61CB2-BBDB-411F-90DB-AD050BB07525} = {A74F2A32-E09D-40F4-BE83-1972BFE0A7D2}
		{65D9D584-FCCA-4722-A2B1-5BE478B9974B} = {A74F2A32-E09D-40F4-BE83-1972BFE0A7D2}
		{496D0C50-3912-43A7-9E54-050CA222DB02} = {A74F2A32-E09D-40F4-BE83-1972BFE0A7D2}
		{E468A88B-F970-4D8D-8FEE-0E6194AAD95D} = {A74F2A32-E09D-40F4-BE83-1972BFE0A7D2}
	EndGlobalSection
	GlobalSection(ExtensibilityGlobals) = postSolution
		SolutionGuid = {9BB9F7AC-D9C5-4E85-AC65-ABFDBC61DAA6}
	EndGlobalSection
EndGlobal
